// !$*UTF8*$!
{
	archiveVersion = 1;
	classes = {
	};
	objectVersion = 46;
	objects = {

/* Begin PBXBuildFile section */
		5119FC5414857C8800F3734B /* Cocoa.framework in Frameworks */ = {isa = PBXBuildFile; fileRef = 5119FC5314857C8800F3734B /* Cocoa.framework */; };
		5119FC5E14857C8800F3734B /* InfoPlist.strings in Resources */ = {isa = PBXBuildFile; fileRef = 5119FC5C14857C8800F3734B /* InfoPlist.strings */; };
		5119FC6014857C8800F3734B /* main.m in Sources */ = {isa = PBXBuildFile; fileRef = 5119FC5F14857C8800F3734B /* main.m */; };
		5119FC6414857C8800F3734B /* Credits.rtf in Resources */ = {isa = PBXBuildFile; fileRef = 5119FC6214857C8800F3734B /* Credits.rtf */; };
		5119FC6714857C8800F3734B /* lyomiTermAppDelegate.mm in Sources */ = {isa = PBXBuildFile; fileRef = 5119FC6614857C8800F3734B /* lyomiTermAppDelegate.mm */; };
		5119FC6A14857C8900F3734B /* MainMenu.xib in Resources */ = {isa = PBXBuildFile; fileRef = 5119FC6814857C8900F3734B /* MainMenu.xib */; };
		511C374914857DC200C2F833 /* Korean.mm in Sources */ = {isa = PBXBuildFile; fileRef = 511C374814857DC200C2F833 /* Korean.mm */; };
		511C375114857ECD00C2F833 /* AsyncSocket.m in Sources */ = {isa = PBXBuildFile; fileRef = 511C374C14857ECD00C2F833 /* AsyncSocket.m */; };
		511C375214857ECD00C2F833 /* PieConnection.mm in Sources */ = {isa = PBXBuildFile; fileRef = 511C374E14857ECD00C2F833 /* PieConnection.mm */; };
		511C375314857ECD00C2F833 /* PieTerminal.mm in Sources */ = {isa = PBXBuildFile; fileRef = 511C375014857ECD00C2F833 /* PieTerminal.mm */; };
		511C3763148586E300C2F833 /* PieView.mm in Sources */ = {isa = PBXBuildFile; fileRef = 511C3762148586E300C2F833 /* PieView.mm */; };
		51237DBF1485E4E100919830 /* lyomi.icns in Resources */ = {isa = PBXBuildFile; fileRef = 51237DBE1485E4E100919830 /* lyomi.icns */; };
/* End PBXBuildFile section */

/* Begin PBXFileReference section */
		5119FC4F14857C8700F3734B /* lyomiTerm.app */ = {isa = PBXFileReference; explicitFileType = wrapper.application; includeInIndex = 0; path = lyomiTerm.app; sourceTree = BUILT_PRODUCTS_DIR; };
		5119FC5314857C8800F3734B /* Cocoa.framework */ = {isa = PBXFileReference; lastKnownFileType = wrapper.framework; name = Cocoa.framework; path = System/Library/Frameworks/Cocoa.framework; sourceTree = SDKROOT; };
		5119FC5614857C8800F3734B /* AppKit.framework */ = {isa = PBXFileReference; lastKnownFileType = wrapper.framework; name = AppKit.framework; path = System/Library/Frameworks/AppKit.framework; sourceTree = SDKROOT; };
		5119FC5714857C8800F3734B /* CoreData.framework */ = {isa = PBXFileReference; lastKnownFileType = wrapper.framework; name = CoreData.framework; path = System/Library/Frameworks/CoreData.framework; sourceTree = SDKROOT; };
		5119FC5814857C8800F3734B /* Foundation.framework */ = {isa = PBXFileReference; lastKnownFileType = wrapper.framework; name = Foundation.framework; path = System/Library/Frameworks/Foundation.framework; sourceTree = SDKROOT; };
		5119FC5B14857C8800F3734B /* lyomiTerm-Info.plist */ = {isa = PBXFileReference; lastKnownFileType = text.plist.xml; path = "lyomiTerm-Info.plist"; sourceTree = "<group>"; };
		5119FC5D14857C8800F3734B /* en */ = {isa = PBXFileReference; lastKnownFileType = text.plist.strings; name = en; path = en.lproj/InfoPlist.strings; sourceTree = "<group>"; };
		5119FC5F14857C8800F3734B /* main.m */ = {isa = PBXFileReference; lastKnownFileType = sourcecode.c.objc; path = main.m; sourceTree = "<group>"; };
		5119FC6114857C8800F3734B /* lyomiTerm-Prefix.pch */ = {isa = PBXFileReference; lastKnownFileType = sourcecode.c.h; path = "lyomiTerm-Prefix.pch"; sourceTree = "<group>"; };
		5119FC6314857C8800F3734B /* en */ = {isa = PBXFileReference; lastKnownFileType = text.rtf; name = en; path = en.lproj/Credits.rtf; sourceTree = "<group>"; };
		5119FC6514857C8800F3734B /* lyomiTermAppDelegate.h */ = {isa = PBXFileReference; lastKnownFileType = sourcecode.c.h; path = lyomiTermAppDelegate.h; sourceTree = "<group>"; };
		5119FC6614857C8800F3734B /* lyomiTermAppDelegate.mm */ = {isa = PBXFileReference; lastKnownFileType = sourcecode.cpp.objcpp; path = lyomiTermAppDelegate.mm; sourceTree = "<group>"; };
		5119FC6914857C8900F3734B /* en */ = {isa = PBXFileReference; lastKnownFileType = file.xib; name = en; path = en.lproj/MainMenu.xib; sourceTree = "<group>"; };
		511C374714857DC200C2F833 /* Korean.h */ = {isa = PBXFileReference; fileEncoding = 4; lastKnownFileType = sourcecode.c.h; path = Korean.h; sourceTree = "<group>"; };
		511C374814857DC200C2F833 /* Korean.mm */ = {isa = PBXFileReference; fileEncoding = 4; lastKnownFileType = sourcecode.cpp.objcpp; path = Korean.mm; sourceTree = "<group>"; };
		511C374B14857ECD00C2F833 /* AsyncSocket.h */ = {isa = PBXFileReference; fileEncoding = 4; lastKnownFileType = sourcecode.c.h; path = AsyncSocket.h; sourceTree = "<group>"; };
		511C374C14857ECD00C2F833 /* AsyncSocket.m */ = {isa = PBXFileReference; fileEncoding = 4; lastKnownFileType = sourcecode.c.objc; path = AsyncSocket.m; sourceTree = "<group>"; };
		511C374D14857ECD00C2F833 /* PieConnection.h */ = {isa = PBXFileReference; fileEncoding = 4; lastKnownFileType = sourcecode.c.h; path = PieConnection.h; sourceTree = "<group>"; };
		511C374E14857ECD00C2F833 /* PieConnection.mm */ = {isa = PBXFileReference; fileEncoding = 4; lastKnownFileType = sourcecode.cpp.objcpp; path = PieConnection.mm; sourceTree = "<group>"; };
		511C374F14857ECD00C2F833 /* PieTerminal.h */ = {isa = PBXFileReference; fileEncoding = 4; lastKnownFileType = sourcecode.c.h; path = PieTerminal.h; sourceTree = "<group>"; };
		511C375014857ECD00C2F833 /* PieTerminal.mm */ = {isa = PBXFileReference; fileEncoding = 4; lastKnownFileType = sourcecode.cpp.objcpp; path = PieTerminal.mm; sourceTree = "<group>"; };
		511C3761148586E300C2F833 /* PieView.h */ = {isa = PBXFileReference; fileEncoding = 4; lastKnownFileType = sourcecode.c.h; path = PieView.h; sourceTree = "<group>"; };
		511C3762148586E300C2F833 /* PieView.mm */ = {isa = PBXFileReference; fileEncoding = 4; lastKnownFileType = sourcecode.cpp.objcpp; path = PieView.mm; sourceTree = "<group>"; };
		51237DBE1485E4E100919830 /* lyomi.icns */ = {isa = PBXFileReference; lastKnownFileType = image.icns; path = lyomi.icns; sourceTree = "<group>"; };
/* End PBXFileReference section */

/* Begin PBXFrameworksBuildPhase section */
		5119FC4C14857C8700F3734B /* Frameworks */ = {
			isa = PBXFrameworksBuildPhase;
			buildActionMask = 2147483647;
			files = (
				5119FC5414857C8800F3734B /* Cocoa.framework in Frameworks */,
			);
			runOnlyForDeploymentPostprocessing = 0;
		};
/* End PBXFrameworksBuildPhase section */

/* Begin PBXGroup section */
		5119FC4414857C8700F3734B = {
			isa = PBXGroup;
			children = (
				51237DBE1485E4E100919830 /* lyomi.icns */,
				5119FC5914857C8800F3734B /* lyomiTerm */,
				5119FC5214857C8700F3734B /* Frameworks */,
				5119FC5014857C8700F3734B /* Products */,
			);
			sourceTree = "<group>";
		};
		5119FC5014857C8700F3734B /* Products */ = {
			isa = PBXGroup;
			children = (
				5119FC4F14857C8700F3734B /* lyomiTerm.app */,
			);
			name = Products;
			sourceTree = "<group>";
		};
		5119FC5214857C8700F3734B /* Frameworks */ = {
			isa = PBXGroup;
			children = (
				5119FC5314857C8800F3734B /* Cocoa.framework */,
				5119FC5514857C8800F3734B /* Other Frameworks */,
			);
			name = Frameworks;
			sourceTree = "<group>";
		};
		5119FC5514857C8800F3734B /* Other Frameworks */ = {
			isa = PBXGroup;
			children = (
				5119FC5614857C8800F3734B /* AppKit.framework */,
				5119FC5714857C8800F3734B /* CoreData.framework */,
				5119FC5814857C8800F3734B /* Foundation.framework */,
			);
			name = "Other Frameworks";
			sourceTree = "<group>";
		};
		5119FC5914857C8800F3734B /* lyomiTerm */ = {
			isa = PBXGroup;
			children = (
				511C374B14857ECD00C2F833 /* AsyncSocket.h */,
				511C374C14857ECD00C2F833 /* AsyncSocket.m */,
				511C374D14857ECD00C2F833 /* PieConnection.h */,
				511C374E14857ECD00C2F833 /* PieConnection.mm */,
				511C374F14857ECD00C2F833 /* PieTerminal.h */,
				511C375014857ECD00C2F833 /* PieTerminal.mm */,
				511C374714857DC200C2F833 /* Korean.h */,
				511C374814857DC200C2F833 /* Korean.mm */,
				5119FC6514857C8800F3734B /* lyomiTermAppDelegate.h */,
				5119FC6614857C8800F3734B /* lyomiTermAppDelegate.mm */,
				511C3761148586E300C2F833 /* PieView.h */,
				511C3762148586E300C2F833 /* PieView.mm */,
				5119FC6814857C8900F3734B /* MainMenu.xib */,
				5119FC5A14857C8800F3734B /* Supporting Files */,
			);
			path = lyomiTerm;
			sourceTree = "<group>";
		};
		5119FC5A14857C8800F3734B /* Supporting Files */ = {
			isa = PBXGroup;
			children = (
				5119FC5B14857C8800F3734B /* lyomiTerm-Info.plist */,
				5119FC5C14857C8800F3734B /* InfoPlist.strings */,
				5119FC5F14857C8800F3734B /* main.m */,
				5119FC6114857C8800F3734B /* lyomiTerm-Prefix.pch */,
				5119FC6214857C8800F3734B /* Credits.rtf */,
			);
			name = "Supporting Files";
			sourceTree = "<group>";
		};
/* End PBXGroup section */

/* Begin PBXNativeTarget section */
		5119FC4E14857C8700F3734B /* lyomiTerm */ = {
			isa = PBXNativeTarget;
			buildConfigurationList = 5119FC6D14857C8900F3734B /* Build configuration list for PBXNativeTarget "lyomiTerm" */;
			buildPhases = (
				5119FC4B14857C8700F3734B /* Sources */,
				5119FC4C14857C8700F3734B /* Frameworks */,
				5119FC4D14857C8700F3734B /* Resources */,
			);
			buildRules = (
			);
			dependencies = (
			);
			name = lyomiTerm;
			productName = lyomiTerm;
			productReference = 5119FC4F14857C8700F3734B /* lyomiTerm.app */;
			productType = "com.apple.product-type.application";
		};
/* End PBXNativeTarget section */

/* Begin PBXProject section */
		5119FC4614857C8700F3734B /* Project object */ = {
			isa = PBXProject;
			attributes = {
				LastUpgradeCheck = 0730;
			};
			buildConfigurationList = 5119FC4914857C8700F3734B /* Build configuration list for PBXProject "lyomiTerm" */;
			compatibilityVersion = "Xcode 3.2";
			developmentRegion = English;
			hasScannedForEncodings = 0;
			knownRegions = (
				en,
			);
			mainGroup = 5119FC4414857C8700F3734B;
			productRefGroup = 5119FC5014857C8700F3734B /* Products */;
			projectDirPath = "";
			projectRoot = "";
			targets = (
				5119FC4E14857C8700F3734B /* lyomiTerm */,
			);
		};
/* End PBXProject section */

/* Begin PBXResourcesBuildPhase section */
		5119FC4D14857C8700F3734B /* Resources */ = {
			isa = PBXResourcesBuildPhase;
			buildActionMask = 2147483647;
			files = (
				5119FC5E14857C8800F3734B /* InfoPlist.strings in Resources */,
				5119FC6414857C8800F3734B /* Credits.rtf in Resources */,
				5119FC6A14857C8900F3734B /* MainMenu.xib in Resources */,
				51237DBF1485E4E100919830 /* lyomi.icns in Resources */,
			);
			runOnlyForDeploymentPostprocessing = 0;
		};
/* End PBXResourcesBuildPhase section */

/* Begin PBXSourcesBuildPhase section */
		5119FC4B14857C8700F3734B /* Sources */ = {
			isa = PBXSourcesBuildPhase;
			buildActionMask = 2147483647;
			files = (
				5119FC6014857C8800F3734B /* main.m in Sources */,
				5119FC6714857C8800F3734B /* lyomiTermAppDelegate.mm in Sources */,
				511C374914857DC200C2F833 /* Korean.mm in Sources */,
				511C375114857ECD00C2F833 /* AsyncSocket.m in Sources */,
				511C375214857ECD00C2F833 /* PieConnection.mm in Sources */,
				511C375314857ECD00C2F833 /* PieTerminal.mm in Sources */,
				511C3763148586E300C2F833 /* PieView.mm in Sources */,
			);
			runOnlyForDeploymentPostprocessing = 0;
		};
/* End PBXSourcesBuildPhase section */

/* Begin PBXVariantGroup section */
		5119FC5C14857C8800F3734B /* InfoPlist.strings */ = {
			isa = PBXVariantGroup;
			children = (
				5119FC5D14857C8800F3734B /* en */,
			);
			name = InfoPlist.strings;
			sourceTree = "<group>";
		};
		5119FC6214857C8800F3734B /* Credits.rtf */ = {
			isa = PBXVariantGroup;
			children = (
				5119FC6314857C8800F3734B /* en */,
			);
			name = Credits.rtf;
			sourceTree = "<group>";
		};
		5119FC6814857C8900F3734B /* MainMenu.xib */ = {
			isa = PBXVariantGroup;
			children = (
				5119FC6914857C8900F3734B /* en */,
			);
			name = MainMenu.xib;
			sourceTree = "<group>";
		};
/* End PBXVariantGroup section */

/* Begin XCBuildConfiguration section */
		5119FC6B14857C8900F3734B /* Debug */ = {
			isa = XCBuildConfiguration;
			buildSettings = {
				ALWAYS_SEARCH_USER_PATHS = NO;
				CLANG_WARN_BOOL_CONVERSION = YES;
				CLANG_WARN_CONSTANT_CONVERSION = YES;
				CLANG_WARN_EMPTY_BODY = YES;
				CLANG_WARN_ENUM_CONVERSION = YES;
				CLANG_WARN_INT_CONVERSION = YES;
				CLANG_WARN_UNREACHABLE_CODE = YES;
				CLANG_WARN__DUPLICATE_METHOD_MATCH = YES;
				COPY_PHASE_STRIP = NO;
				ENABLE_STRICT_OBJC_MSGSEND = YES;
				ENABLE_TESTABILITY = YES;
				GCC_C_LANGUAGE_STANDARD = gnu99;
				GCC_DYNAMIC_NO_PIC = NO;
				GCC_ENABLE_OBJC_EXCEPTIONS = YES;
				GCC_NO_COMMON_BLOCKS = YES;
				GCC_OPTIMIZATION_LEVEL = 0;
				GCC_PREPROCESSOR_DEFINITIONS = (
					"DEBUG=1",
					"$(inherited)",
				);
				GCC_SYMBOLS_PRIVATE_EXTERN = NO;
				GCC_VERSION = com.apple.compilers.llvm.clang.1_0;
				GCC_WARN_64_TO_32_BIT_CONVERSION = YES;
				GCC_WARN_ABOUT_MISSING_PROTOTYPES = YES;
				GCC_WARN_ABOUT_RETURN_TYPE = YES;
				GCC_WARN_UNDECLARED_SELECTOR = YES;
				GCC_WARN_UNINITIALIZED_AUTOS = YES;
				GCC_WARN_UNUSED_FUNCTION = YES;
				GCC_WARN_UNUSED_VARIABLE = YES;
				MACOSX_DEPLOYMENT_TARGET = 10.7;
				ONLY_ACTIVE_ARCH = YES;
				SDKROOT = macosx;
			};
			name = Debug;
		};
		5119FC6C14857C8900F3734B /* Release */ = {
			isa = XCBuildConfiguration;
			buildSettings = {
				ALWAYS_SEARCH_USER_PATHS = NO;
				CLANG_WARN_BOOL_CONVERSION = YES;
				CLANG_WARN_CONSTANT_CONVERSION = YES;
				CLANG_WARN_EMPTY_BODY = YES;
				CLANG_WARN_ENUM_CONVERSION = YES;
				CLANG_WARN_INT_CONVERSION = YES;
				CLANG_WARN_UNREACHABLE_CODE = YES;
				CLANG_WARN__DUPLICATE_METHOD_MATCH = YES;
				COPY_PHASE_STRIP = YES;
				DEBUG_INFORMATION_FORMAT = "dwarf-with-dsym";
				ENABLE_STRICT_OBJC_MSGSEND = YES;
				GCC_C_LANGUAGE_STANDARD = gnu99;
				GCC_ENABLE_OBJC_EXCEPTIONS = YES;
				GCC_NO_COMMON_BLOCKS = YES;
				GCC_VERSION = com.apple.compilers.llvm.clang.1_0;
				GCC_WARN_64_TO_32_BIT_CONVERSION = YES;
				GCC_WARN_ABOUT_MISSING_PROTOTYPES = YES;
				GCC_WARN_ABOUT_RETURN_TYPE = YES;
				GCC_WARN_UNDECLARED_SELECTOR = YES;
				GCC_WARN_UNINITIALIZED_AUTOS = YES;
				GCC_WARN_UNUSED_FUNCTION = YES;
				GCC_WARN_UNUSED_VARIABLE = YES;
				MACOSX_DEPLOYMENT_TARGET = 10.7;
				SDKROOT = macosx;
			};
			name = Release;
		};
		5119FC6E14857C8900F3734B /* Debug */ = {
			isa = XCBuildConfiguration;
			buildSettings = {
				COMBINE_HIDPI_IMAGES = YES;
				GCC_PRECOMPILE_PREFIX_HEADER = YES;
				GCC_PREFIX_HEADER = "lyomiTerm/lyomiTerm-Prefix.pch";
				INFOPLIST_FILE = "lyomiTerm/lyomiTerm-Info.plist";
				MACOSX_DEPLOYMENT_TARGET = 10.6;
				PRODUCT_BUNDLE_IDENTIFIER = "net.lyomi.${PRODUCT_NAME:rfc1034identifier}";
				PRODUCT_NAME = "$(TARGET_NAME)";
				WRAPPER_EXTENSION = app;
			};
			name = Debug;
		};
		5119FC6F14857C8900F3734B /* Release */ = {
			isa = XCBuildConfiguration;
			buildSettings = {
				COMBINE_HIDPI_IMAGES = YES;
				GCC_PRECOMPILE_PREFIX_HEADER = YES;
				GCC_PREFIX_HEADER = "lyomiTerm/lyomiTerm-Prefix.pch";
				INFOPLIST_FILE = "lyomiTerm/lyomiTerm-Info.plist";
				MACOSX_DEPLOYMENT_TARGET = 10.6;
				PRODUCT_BUNDLE_IDENTIFIER = "net.lyomi.${PRODUCT_NAME:rfc1034identifier}";
				PRODUCT_NAME = "$(TARGET_NAME)";
				WRAPPER_EXTENSION = app;
			};
			name = Release;
		};
/* End XCBuildConfiguration section */

/* Begin XCConfigurationList section */
		5119FC4914857C8700F3734B /* Build configuration list for PBXProject "lyomiTerm" */ = {
			isa = XCConfigurationList;
			buildConfigurations = (
				5119FC6B14857C8900F3734B /* Debug */,
				5119FC6C14857C8900F3734B /* Release */,
			);
			defaultConfigurationIsVisible = 0;
			defaultConfigurationName = Release;
		};
		5119FC6D14857C8900F3734B /* Build configuration list for PBXNativeTarget "lyomiTerm" */ = {
			isa = XCConfigurationList;
			buildConfigurations = (
				5119FC6E14857C8900F3734B /* Debug */,
				5119FC6F14857C8900F3734B /* Release */,
			);
			defaultConfigurationIsVisible = 0;
			defaultConfigurationName = Release;
		};
/* End XCConfigurationList section */
	};
	rootObject = 5119FC4614857C8700F3734B /* Project object */;
}
